
Microsoft Visual Studio Solution File, Format Version 11.00
# Visual C# Express 2010
Project("{FAE04EC0-301F-11D3-BF4B-00C04F79EFBC}") = "Blib.Core", "Blib.Core\Blib.Core.csproj", "{57CBDD30-4B98-4E0E-87C0-9E034A415541}"
EndProject
Project("{FAE04EC0-301F-11D3-BF4B-00C04F79EFBC}") = "Blib", "Blib\Blib.csproj", "{1DFE145B-5EA5-4AF0-8757-C68DF2BF2531}"
EndProject
Project("{FAE04EC0-301F-11D3-BF4B-00C04F79EFBC}") = "BlibGui", "BlibGui\BlibGui.csproj", "{92D1D9A2-370A-4CFD-8E9E-086431D0B4EA}"
EndProject
Global
	GlobalSection(SolutionConfigurationPlatforms) = preSolution
		Debug|Any CPU = Debug|Any CPU
		Debug|Mixed Platforms = Debug|Mixed Platforms
		Debug|x86 = Debug|x86
		Release|Any CPU = Release|Any CPU
		Release|Mixed Platforms = Release|Mixed Platforms
		Release|x86 = Release|x86
	EndGlobalSection
	GlobalSection(ProjectConfigurationPlatforms) = postSolution
		{57CBDD30-4B98-4E0E-87C0-9E034A415541}.Debug|Any CPU.ActiveCfg = Debug|Any CPU
		{57CBDD30-4B98-4E0E-87C0-9E034A415541}.Debug|Any CPU.Build.0 = Debug|Any CPU
		{57CBDD30-4B98-4E0E-87C0-9E034A415541}.Debug|Mixed Platforms.ActiveCfg = Debug|Any CPU
		{57CBDD30-4B98-4E0E-87C0-9E034A415541}.Debug|Mixed Platforms.Build.0 = Debug|Any CPU
		{57CBDD30-4B98-4E0E-87C0-9E034A415541}.Debug|x86.ActiveCfg = Debug|Any CPU
		{57CBDD30-4B98-4E0E-87C0-9E034A415541}.Release|Any CPU.ActiveCfg = Release|Any CPU
		{57CBDD30-4B98-4E0E-87C0-9E034A415541}.Release|Any CPU.Build.0 = Release|Any CPU
		{57CBDD30-4B98-4E0E-87C0-9E034A415541}.Release|Mixed Platforms.ActiveCfg = Release|Any CPU
		{57CBDD30-4B98-4E0E-87C0-9E034A415541}.Release|Mixed Platforms.Build.0 = Release|Any CPU
		{57CBDD30-4B98-4E0E-87C0-9E034A415541}.Release|x86.ActiveCfg = Release|Any CPU
		{1DFE145B-5EA5-4AF0-8757-C68DF2BF2531}.Debug|Any CPU.ActiveCfg = Debug|x86
		{1DFE145B-5EA5-4AF0-8757-C68DF2BF2531}.Debug|Mixed Platforms.ActiveCfg = Debug|x86
		{1DFE145B-5EA5-4AF0-8757-C68DF2BF2531}.Debug|Mixed Platforms.Build.0 = Debug|x86
		{1DFE145B-5EA5-4AF0-8757-C68DF2BF2531}.Debug|x86.ActiveCfg = Debug|x86
		{1DFE145B-5EA5-4AF0-8757-C68DF2BF2531}.Debug|x86.Build.0 = Debug|x86
		{1DFE145B-5EA5-4AF0-8757-C68DF2BF2531}.Release|Any CPU.ActiveCfg = Release|x86
		{1DFE145B-5EA5-4AF0-8757-C68DF2BF2531}.Release|Mixed Platforms.ActiveCfg = Release|x86
		{1DFE145B-5EA5-4AF0-8757-C68DF2BF2531}.Release|Mixed Platforms.Build.0 = Release|x86
		{1DFE145B-5EA5-4AF0-8757-C68DF2BF2531}.Release|x86.ActiveCfg = Release|x86
		{1DFE145B-5EA5-4AF0-8757-C68DF2BF2531}.Release|x86.Build.0 = Release|x86
		{92D1D9A2-370A-4CFD-8E9E-086431D0B4EA}.Debug|Any CPU.ActiveCfg = Debug|x86
		{92D1D9A2-370A-4CFD-8E9E-086431D0B4EA}.Debug|Mixed Platforms.ActiveCfg = Debug|x86
		{92D1D9A2-370A-4CFD-8E9E-086431D0B4EA}.Debug|Mixed Platforms.Build.0 = Debug|x86
		{92D1D9A2-370A-4CFD-8E9E-086431D0B4EA}.Debug|x86.ActiveCfg = Debug|x86
		{92D1D9A2-370A-4CFD-8E9E-086431D0B4EA}.Debug|x86.Build.0 = Debug|x86
		{92D1D9A2-370A-4CFD-8E9E-086431D0B4EA}.Release|Any CPU.ActiveCfg = Release|x86
		{92D1D9A2-370A-4CFD-8E9E-086431D0B4EA}.Release|Mixed Platforms.ActiveCfg = Release|x86
		{92D1D9A2-370A-4CFD-8E9E-086431D0B4EA}.Release|Mixed Platforms.Build.0 = Release|x86
		{92D1D9A2-370A-4CFD-8E9E-086431D0B4EA}.Release|x86.ActiveCfg = Release|x86
		{92D1D9A2-370A-4CFD-8E9E-086431D0B4EA}.Release|x86.Build.0 = Release|x86
	EndGlobalSection
	GlobalSection(SolutionProperties) = preSolution
		HideSolutionNode = FALSE
	EndGlobalSection
EndGlobal
